
Microsoft Visual Studio Solution File, Format Version 12.00
# Visual Studio Version 16
VisualStudioVersion = 16.0.32630.194
MinimumVisualStudioVersion = 10.0.40219.1
Project("{9A19103F-16F7-4668-BE54-9A1E7A4F7556}") = "DistributionOfPoints", "DistributionOfPoints\DistributionOfPoints.csproj", "{85FACF8F-B0DC-46BD-9DC3-B393541B210B}"
EndProject
Project("{9A19103F-16F7-4668-BE54-9A1E7A4F7556}") = "DistributionOfPoints_Console", "..\DistributionOfPoints_Console\DistributionOfPoints_Console\DistributionOfPoints_Console.csproj", "{61130FF1-4EA8-40A2-BAAE-4272CFB73625}"
EndProject
Global
	GlobalSection(SolutionConfigurationPlatforms) = preSolution
		Debug|Any CPU = Debug|Any CPU
		Release|Any CPU = Release|Any CPU
	EndGlobalSection
	GlobalSection(ProjectConfigurationPlatforms) = postSolution
		{85FACF8F-B0DC-46BD-9DC3-B393541B210B}.Debug|Any CPU.ActiveCfg = Debug|Any CPU
		{85FACF8F-B0DC-46BD-9DC3-B393541B210B}.Debug|Any CPU.Build.0 = Debug|Any CPU
		{85FACF8F-B0DC-46BD-9DC3-B393541B210B}.Release|Any CPU.ActiveCfg = Release|Any CPU
		{85FACF8F-B0DC-46BD-9DC3-B393541B210B}.Release|Any CPU.Build.0 = Release|Any CPU
		{61130FF1-4EA8-40A2-BAAE-4272CFB73625}.Debug|Any CPU.ActiveCfg = Debug|Any CPU
		{61130FF1-4EA8-40A2-BAAE-4272CFB73625}.Debug|Any CPU.Build.0 = Debug|Any CPU
		{61130FF1-4EA8-40A2-BAAE-4272CFB73625}.Release|Any CPU.ActiveCfg = Release|Any CPU
		{61130FF1-4EA8-40A2-BAAE-4272CFB73625}.Release|Any CPU.Build.0 = Release|Any CPU
	EndGlobalSection
	GlobalSection(SolutionProperties) = preSolution
		HideSolutionNode = FALSE
	EndGlobalSection
	GlobalSection(ExtensibilityGlobals) = postSolution
		SolutionGuid = {DA5A99E1-9C14-4C5F-A328-362855E9A253}
	EndGlobalSection
EndGlobal
